
Microsoft Visual Studio Solution File, Format Version 12.00
# Visual Studio 14
VisualStudioVersion = 14.0.25420.1
MinimumVisualStudioVersion = 10.0.40219.1
Project("{FAE04EC0-301F-11D3-BF4B-00C04F79EFBC}") = "JsApplication", "JsApplication\JsApplication.csproj", "{B2EF7995-59F0-4D92-8C6B-5DF21B171611}"
EndProject
Project("{FAE04EC0-301F-11D3-BF4B-00C04F79EFBC}") = "IdentityServer", "IdentityServer\IdentityServer.csproj", "{E4C0A82B-FA3A-4EE7-AE7B-B6115573D87D}"
EndProject
Global
	GlobalSection(SolutionConfigurationPlatforms) = preSolution
		Debug|Any CPU = Debug|Any CPU
		Release|Any CPU = Release|Any CPU
	EndGlobalSection
	GlobalSection(ProjectConfigurationPlatforms) = postSolution
		{B2EF7995-59F0-4D92-8C6B-5DF21B171611}.Debug|Any CPU.ActiveCfg = Debug|Any CPU
		{B2EF7995-59F0-4D92-8C6B-5DF21B171611}.Debug|Any CPU.Build.0 = Debug|Any CPU
		{B2EF7995-59F0-4D92-8C6B-5DF21B171611}.Release|Any CPU.ActiveCfg = Release|Any CPU
		{B2EF7995-59F0-4D92-8C6B-5DF21B171611}.Release|Any CPU.Build.0 = Release|Any CPU
		{E4C0A82B-FA3A-4EE7-AE7B-B6115573D87D}.Debug|Any CPU.ActiveCfg = Debug|Any CPU
		{E4C0A82B-FA3A-4EE7-AE7B-B6115573D87D}.Debug|Any CPU.Build.0 = Debug|Any CPU
		{E4C0A82B-FA3A-4EE7-AE7B-B6115573D87D}.Release|Any CPU.ActiveCfg = Release|Any CPU
		{E4C0A82B-FA3A-4EE7-AE7B-B6115573D87D}.Release|Any CPU.Build.0 = Release|Any CPU
	EndGlobalSection
	GlobalSection(SolutionProperties) = preSolution
		HideSolutionNode = FALSE
	EndGlobalSection
EndGlobal
